// !$*UTF8*$!
{
	archiveVersion = 1;
	classes = {
	};
	objectVersion = 48;
	objects = {

/* Begin PBXBuildFile section */
		087C2B9D206F3BF300B66B36 /* AppDelegate.swift in Sources */ = {isa = PBXBuildFile; fileRef = 087C2B9C206F3BF300B66B36 /* AppDelegate.swift */; };
		087C2B9F206F3BF300B66B36 /* ViewController.swift in Sources */ = {isa = PBXBuildFile; fileRef = 087C2B9E206F3BF300B66B36 /* ViewController.swift */; };
		087C2BA2206F3BF300B66B36 /* Main.storyboard in Resources */ = {isa = PBXBuildFile; fileRef = 087C2BA0206F3BF300B66B36 /* Main.storyboard */; };
		087C2BA4206F3BF300B66B36 /* Assets.xcassets in Resources */ = {isa = PBXBuildFile; fileRef = 087C2BA3206F3BF300B66B36 /* Assets.xcassets */; };
		087C2BA7206F3BF300B66B36 /* LaunchScreen.storyboard in Resources */ = {isa = PBXBuildFile; fileRef = 087C2BA5206F3BF300B66B36 /* LaunchScreen.storyboard */; };
		087C2BB2206F3BF300B66B36 /* UserDefaultsTests.swift in Sources */ = {isa = PBXBuildFile; fileRef = 087C2BB1206F3BF300B66B36 /* UserDefaultsTests.swift */; };
		087C2BBD206F3BF300B66B36 /* UserDefaultsUITests.swift in Sources */ = {isa = PBXBuildFile; fileRef = 087C2BBC206F3BF300B66B36 /* UserDefaultsUITests.swift */; };
/* End PBXBuildFile section */

/* Begin PBXContainerItemProxy section */
		087C2BAE206F3BF300B66B36 /* PBXContainerItemProxy */ = {
			isa = PBXContainerItemProxy;
			containerPortal = 087C2B91206F3BF300B66B36 /* Project object */;
			proxyType = 1;
			remoteGlobalIDString = 087C2B98206F3BF300B66B36;
			remoteInfo = UserDefaults;
		};
		087C2BB9206F3BF300B66B36 /* PBXContainerItemProxy */ = {
			isa = PBXContainerItemProxy;
			containerPortal = 087C2B91206F3BF300B66B36 /* Project object */;
			proxyType = 1;
			remoteGlobalIDString = 087C2B98206F3BF300B66B36;
			remoteInfo = UserDefaults;
		};
/* End PBXContainerItemProxy section */

/* Begin PBXFileReference section */
		087C2B99206F3BF300B66B36 /* UserDefaults.app */ = {isa = PBXFileReference; explicitFileType = wrapper.application; includeInIndex = 0; path = UserDefaults.app; sourceTree = BUILT_PRODUCTS_DIR; };
		087C2B9C206F3BF300B66B36 /* AppDelegate.swift */ = {isa = PBXFileReference; lastKnownFileType = sourcecode.swift; path = AppDelegate.swift; sourceTree = "<group>"; };
		087C2B9E206F3BF300B66B36 /* ViewController.swift */ = {isa = PBXFileReference; lastKnownFileType = sourcecode.swift; path = ViewController.swift; sourceTree = "<group>"; };
		087C2BA1206F3BF300B66B36 /* Base */ = {isa = PBXFileReference; lastKnownFileType = file.storyboard; name = Base; path = Base.lproj/Main.storyboard; sourceTree = "<group>"; };
		087C2BA3206F3BF300B66B36 /* Assets.xcassets */ = {isa = PBXFileReference; lastKnownFileType = folder.assetcatalog; path = Assets.xcassets; sourceTree = "<group>"; };
		087C2BA6206F3BF300B66B36 /* Base */ = {isa = PBXFileReference; lastKnownFileType = file.storyboard; name = Base; path = Base.lproj/LaunchScreen.storyboard; sourceTree = "<group>"; };
		087C2BA8206F3BF300B66B36 /* Info.plist */ = {isa = PBXFileReference; lastKnownFileType = text.plist.xml; path = Info.plist; sourceTree = "<group>"; };
		087C2BAD206F3BF300B66B36 /* UserDefaultsTests.xctest */ = {isa = PBXFileReference; explicitFileType = wrapper.cfbundle; includeInIndex = 0; path = UserDefaultsTests.xctest; sourceTree = BUILT_PRODUCTS_DIR; };
		087C2BB1206F3BF300B66B36 /* UserDefaultsTests.swift */ = {isa = PBXFileReference; lastKnownFileType = sourcecode.swift; path = UserDefaultsTests.swift; sourceTree = "<group>"; };
		087C2BB3206F3BF300B66B36 /* Info.plist */ = {isa = PBXFileReference; lastKnownFileType = text.plist.xml; path = Info.plist; sourceTree = "<group>"; };
		087C2BB8206F3BF300B66B36 /* UserDefaultsUITests.xctest */ = {isa = PBXFileReference; explicitFileType = wrapper.cfbundle; includeInIndex = 0; path = UserDefaultsUITests.xctest; sourceTree = BUILT_PRODUCTS_DIR; };
		087C2BBC206F3BF300B66B36 /* UserDefaultsUITests.swift */ = {isa = PBXFileReference; lastKnownFileType = sourcecode.swift; path = UserDefaultsUITests.swift; sourceTree = "<group>"; };
		087C2BBE206F3BF300B66B36 /* Info.plist */ = {isa = PBXFileReference; lastKnownFileType = text.plist.xml; path = Info.plist; sourceTree = "<group>"; };
/* End PBXFileReference section */

/* Begin PBXFrameworksBuildPhase section */
		087C2B96206F3BF300B66B36 /* Frameworks */ = {
			isa = PBXFrameworksBuildPhase;
			buildActionMask = 2147483647;
			files = (
			);
			runOnlyForDeploymentPostprocessing = 0;
		};
		087C2BAA206F3BF300B66B36 /* Frameworks */ = {
			isa = PBXFrameworksBuildPhase;
			buildActionMask = 2147483647;
			files = (
			);
			runOnlyForDeploymentPostprocessing = 0;
		};
		087C2BB5206F3BF300B66B36 /* Frameworks */ = {
			isa = PBXFrameworksBuildPhase;
			buildActionMask = 2147483647;
			files = (
			);
			runOnlyForDeploymentPostprocessing = 0;
		};
/* End PBXFrameworksBuildPhase section */

/* Begin PBXGroup section */
		087C2B90206F3BF300B66B36 = {
			isa = PBXGroup;
			children = (
				087C2B9B206F3BF300B66B36 /* UserDefaults */,
				087C2BB0206F3BF300B66B36 /* UserDefaultsTests */,
				087C2BBB206F3BF300B66B36 /* UserDefaultsUITests */,
				087C2B9A206F3BF300B66B36 /* Products */,
			);
			sourceTree = "<group>";
		};
		087C2B9A206F3BF300B66B36 /* Products */ = {
			isa = PBXGroup;
			children = (
				087C2B99206F3BF300B66B36 /* UserDefaults.app */,
				087C2BAD206F3BF300B66B36 /* UserDefaultsTests.xctest */,
				087C2BB8206F3BF300B66B36 /* UserDefaultsUITests.xctest */,
			);
			name = Products;
			sourceTree = "<group>";
		};
		087C2B9B206F3BF300B66B36 /* UserDefaults */ = {
			isa = PBXGroup;
			children = (
				087C2B9C206F3BF300B66B36 /* AppDelegate.swift */,
				087C2B9E206F3BF300B66B36 /* ViewController.swift */,
				087C2BA0206F3BF300B66B36 /* Main.storyboard */,
				087C2BA3206F3BF300B66B36 /* Assets.xcassets */,
				087C2BA5206F3BF300B66B36 /* LaunchScreen.storyboard */,
				087C2BA8206F3BF300B66B36 /* Info.plist */,
			);
			path = UserDefaults;
			sourceTree = "<group>";
		};
		087C2BB0206F3BF300B66B36 /* UserDefaultsTests */ = {
			isa = PBXGroup;
			children = (
				087C2BB1206F3BF300B66B36 /* UserDefaultsTests.swift */,
				087C2BB3206F3BF300B66B36 /* Info.plist */,
			);
			path = UserDefaultsTests;
			sourceTree = "<group>";
		};
		087C2BBB206F3BF300B66B36 /* UserDefaultsUITests */ = {
			isa = PBXGroup;
			children = (
				087C2BBC206F3BF300B66B36 /* UserDefaultsUITests.swift */,
				087C2BBE206F3BF300B66B36 /* Info.plist */,
			);
			path = UserDefaultsUITests;
			sourceTree = "<group>";
		};
/* End PBXGroup section */

/* Begin PBXNativeTarget section */
		087C2B98206F3BF300B66B36 /* UserDefaults */ = {
			isa = PBXNativeTarget;
			buildConfigurationList = 087C2BC1206F3BF300B66B36 /* Build configuration list for PBXNativeTarget "UserDefaults" */;
			buildPhases = (
				087C2B95206F3BF300B66B36 /* Sources */,
				087C2B96206F3BF300B66B36 /* Frameworks */,
				087C2B97206F3BF300B66B36 /* Resources */,
			);
			buildRules = (
			);
			dependencies = (
			);
			name = UserDefaults;
			productName = UserDefaults;
			productReference = 087C2B99206F3BF300B66B36 /* UserDefaults.app */;
			productType = "com.apple.product-type.application";
		};
		087C2BAC206F3BF300B66B36 /* UserDefaultsTests */ = {
			isa = PBXNativeTarget;
			buildConfigurationList = 087C2BC4206F3BF300B66B36 /* Build configuration list for PBXNativeTarget "UserDefaultsTests" */;
			buildPhases = (
				087C2BA9206F3BF300B66B36 /* Sources */,
				087C2BAA206F3BF300B66B36 /* Frameworks */,
				087C2BAB206F3BF300B66B36 /* Resources */,
			);
			buildRules = (
			);
			dependencies = (
				087C2BAF206F3BF300B66B36 /* PBXTargetDependency */,
			);
			name = UserDefaultsTests;
			productName = UserDefaultsTests;
			productReference = 087C2BAD206F3BF300B66B36 /* UserDefaultsTests.xctest */;
			productType = "com.apple.product-type.bundle.unit-test";
		};
		087C2BB7206F3BF300B66B36 /* UserDefaultsUITests */ = {
			isa = PBXNativeTarget;
			buildConfigurationList = 087C2BC7206F3BF300B66B36 /* Build configuration list for PBXNativeTarget "UserDefaultsUITests" */;
			buildPhases = (
				087C2BB4206F3BF300B66B36 /* Sources */,
				087C2BB5206F3BF300B66B36 /* Frameworks */,
				087C2BB6206F3BF300B66B36 /* Resources */,
			);
			buildRules = (
			);
			dependencies = (
				087C2BBA206F3BF300B66B36 /* PBXTargetDependency */,
			);
			name = UserDefaultsUITests;
			productName = UserDefaultsUITests;
			productReference = 087C2BB8206F3BF300B66B36 /* UserDefaultsUITests.xctest */;
			productType = "com.apple.product-type.bundle.ui-testing";
		};
/* End PBXNativeTarget section */

/* Begin PBXProject section */
		087C2B91206F3BF300B66B36 /* Project object */ = {
			isa = PBXProject;
			attributes = {
				LastSwiftUpdateCheck = 0920;
				LastUpgradeCheck = 0920;
				ORGANIZATIONNAME = "Sundir Talari";
				TargetAttributes = {
					087C2B98206F3BF300B66B36 = {
						CreatedOnToolsVersion = 9.2;
						ProvisioningStyle = Automatic;
					};
					087C2BAC206F3BF300B66B36 = {
						CreatedOnToolsVersion = 9.2;
						ProvisioningStyle = Automatic;
						TestTargetID = 087C2B98206F3BF300B66B36;
					};
					087C2BB7206F3BF300B66B36 = {
						CreatedOnToolsVersion = 9.2;
						ProvisioningStyle = Automatic;
						TestTargetID = 087C2B98206F3BF300B66B36;
					};
				};
			};
			buildConfigurationList = 087C2B94206F3BF300B66B36 /* Build configuration list for PBXProject "UserDefaults" */;
			compatibilityVersion = "Xcode 8.0";
			developmentRegion = en;
			hasScannedForEncodings = 0;
			knownRegions = (
				en,
				Base,
			);
			mainGroup = 087C2B90206F3BF300B66B36;
			productRefGroup = 087C2B9A206F3BF300B66B36 /* Products */;
			projectDirPath = "";
			projectRoot = "";
			targets = (
				087C2B98206F3BF300B66B36 /* UserDefaults */,
				087C2BAC206F3BF300B66B36 /* UserDefaultsTests */,
				087C2BB7206F3BF300B66B36 /* UserDefaultsUITests */,
			);
		};
/* End PBXProject section */

/* Begin PBXResourcesBuildPhase section */
		087C2B97206F3BF300B66B36 /* Resources */ = {
			isa = PBXResourcesBuildPhase;
			buildActionMask = 2147483647;
			files = (
				087C2BA7206F3BF300B66B36 /* LaunchScreen.storyboard in Resources */,
				087C2BA4206F3BF300B66B36 /* Assets.xcassets in Resources */,
				087C2BA2206F3BF300B66B36 /* Main.storyboard in Resources */,
			);
			runOnlyForDeploymentPostprocessing = 0;
		};
		087C2BAB206F3BF300B66B36 /* Resources */ = {
			isa = PBXResourcesBuildPhase;
			buildActionMask = 2147483647;
			files = (
			);
			runOnlyForDeploymentPostprocessing = 0;
		};
		087C2BB6206F3BF300B66B36 /* Resources */ = {
			isa = PBXResourcesBuildPhase;
			buildActionMask = 2147483647;
			files = (
			);
			runOnlyForDeploymentPostprocessing = 0;
		};
/* End PBXResourcesBuildPhase section */

/* Begin PBXSourcesBuildPhase section */
		087C2B95206F3BF300B66B36 /* Sources */ = {
			isa = PBXSourcesBuildPhase;
			buildActionMask = 2147483647;
			files = (
				087C2B9F206F3BF300B66B36 /* ViewController.swift in Sources */,
				087C2B9D206F3BF300B66B36 /* AppDelegate.swift in Sources */,
			);
			runOnlyForDeploymentPostprocessing = 0;
		};
		087C2BA9206F3BF300B66B36 /* Sources */ = {
			isa = PBXSourcesBuildPhase;
			buildActionMask = 2147483647;
			files = (
				087C2BB2206F3BF300B66B36 /* UserDefaultsTests.swift in Sources */,
			);
			runOnlyForDeploymentPostprocessing = 0;
		};
		087C2BB4206F3BF300B66B36 /* Sources */ = {
			isa = PBXSourcesBuildPhase;
			buildActionMask = 2147483647;
			files = (
				087C2BBD206F3BF300B66B36 /* UserDefaultsUITests.swift in Sources */,
			);
			runOnlyForDeploymentPostprocessing = 0;
		};
/* End PBXSourcesBuildPhase section */

/* Begin PBXTargetDependency section */
		087C2BAF206F3BF300B66B36 /* PBXTargetDependency */ = {
			isa = PBXTargetDependency;
			target = 087C2B98206F3BF300B66B36 /* UserDefaults */;
			targetProxy = 087C2BAE206F3BF300B66B36 /* PBXContainerItemProxy */;
		};
		087C2BBA206F3BF300B66B36 /* PBXTargetDependency */ = {
			isa = PBXTargetDependency;
			target = 087C2B98206F3BF300B66B36 /* UserDefaults */;
			targetProxy = 087C2BB9206F3BF300B66B36 /* PBXContainerItemProxy */;
		};
/* End PBXTargetDependency section */

/* Begin PBXVariantGroup section */
		087C2BA0206F3BF300B66B36 /* Main.storyboard */ = {
			isa = PBXVariantGroup;
			children = (
				087C2BA1206F3BF300B66B36 /* Base */,
			);
			name = Main.storyboard;
			sourceTree = "<group>";
		};
		087C2BA5206F3BF300B66B36 /* LaunchScreen.storyboard */ = {
			isa = PBXVariantGroup;
			children = (
				087C2BA6206F3BF300B66B36 /* Base */,
			);
			name = LaunchScreen.storyboard;
			sourceTree = "<group>";
		};
/* End PBXVariantGroup section */

/* Begin XCBuildConfiguration section */
		087C2BBF206F3BF300B66B36 /* Debug */ = {
			isa = XCBuildConfiguration;
			buildSettings = {
				ALWAYS_SEARCH_USER_PATHS = NO;
				CLANG_ANALYZER_NONNULL = YES;
				CLANG_ANALYZER_NUMBER_OBJECT_CONVERSION = YES_AGGRESSIVE;
				CLANG_CXX_LANGUAGE_STANDARD = "gnu++14";
				CLANG_CXX_LIBRARY = "libc++";
				CLANG_ENABLE_MODULES = YES;
				CLANG_ENABLE_OBJC_ARC = YES;
				CLANG_WARN_BLOCK_CAPTURE_AUTORELEASING = YES;
				CLANG_WARN_BOOL_CONVERSION = YES;
				CLANG_WARN_COMMA = YES;
				CLANG_WARN_CONSTANT_CONVERSION = YES;
				CLANG_WARN_DIRECT_OBJC_ISA_USAGE = YES_ERROR;
				CLANG_WARN_DOCUMENTATION_COMMENTS = YES;
				CLANG_WARN_EMPTY_BODY = YES;
				CLANG_WARN_ENUM_CONVERSION = YES;
				CLANG_WARN_INFINITE_RECURSION = YES;
				CLANG_WARN_INT_CONVERSION = YES;
				CLANG_WARN_NON_LITERAL_NULL_CONVERSION = YES;
				CLANG_WARN_OBJC_LITERAL_CONVERSION = YES;
				CLANG_WARN_OBJC_ROOT_CLASS = YES_ERROR;
				CLANG_WARN_RANGE_LOOP_ANALYSIS = YES;
				CLANG_WARN_STRICT_PROTOTYPES = YES;
				CLANG_WARN_SUSPICIOUS_MOVE = YES;
				CLANG_WARN_UNGUARDED_AVAILABILITY = YES_AGGRESSIVE;
				CLANG_WARN_UNREACHABLE_CODE = YES;
				CLANG_WARN__DUPLICATE_METHOD_MATCH = YES;
				CODE_SIGN_IDENTITY = "iPhone Developer";
				COPY_PHASE_STRIP = NO;
				DEBUG_INFORMATION_FORMAT = dwarf;
				ENABLE_STRICT_OBJC_MSGSEND = YES;
				ENABLE_TESTABILITY = YES;
				GCC_C_LANGUAGE_STANDARD = gnu11;
				GCC_DYNAMIC_NO_PIC = NO;
				GCC_NO_COMMON_BLOCKS = YES;
				GCC_OPTIMIZATION_LEVEL = 0;
				GCC_PREPROCESSOR_DEFINITIONS = (
					"DEBUG=1",
					"$(inherited)",
				);
				GCC_WARN_64_TO_32_BIT_CONVERSION = YES;
				GCC_WARN_ABOUT_RETURN_TYPE = YES_ERROR;
				GCC_WARN_UNDECLARED_SELECTOR = YES;
				GCC_WARN_UNINITIALIZED_AUTOS = YES_AGGRESSIVE;
				GCC_WARN_UNUSED_FUNCTION = YES;
				GCC_WARN_UNUSED_VARIABLE = YES;
				IPHONEOS_DEPLOYMENT_TARGET = 11.2;
				MTL_ENABLE_DEBUG_INFO = YES;
				ONLY_ACTIVE_ARCH = YES;
				SDKROOT = iphoneos;
				SWIFT_ACTIVE_COMPILATION_CONDITIONS = DEBUG;
				SWIFT_OPTIMIZATION_LEVEL = "-Onone";
			};
			name = Debug;
		};
		087C2BC0206F3BF300B66B36 /* Release */ = {
			isa = XCBuildConfiguration;
			buildSettings = {
				ALWAYS_SEARCH_USER_PATHS = NO;
				CLANG_ANALYZER_NONNULL = YES;
				CLANG_ANALYZER_NUMBER_OBJECT_CONVERSION = YES_AGGRESSIVE;
				CLANG_CXX_LANGUAGE_STANDARD = "gnu++14";
				CLANG_CXX_LIBRARY = "libc++";
				CLANG_ENABLE_MODULES = YES;
				CLANG_ENABLE_OBJC_ARC = YES;
				CLANG_WARN_BLOCK_CAPTURE_AUTORELEASING = YES;
				CLANG_WARN_BOOL_CONVERSION = YES;
				CLANG_WARN_COMMA = YES;
				CLANG_WARN_CONSTANT_CONVERSION = YES;
				CLANG_WARN_DIRECT_OBJC_ISA_USAGE = YES_ERROR;
				CLANG_WARN_DOCUMENTATION_COMMENTS = YES;
				CLANG_WARN_EMPTY_BODY = YES;
				CLANG_WARN_ENUM_CONVERSION = YES;
				CLANG_WARN_INFINITE_RECURSION = YES;
				CLANG_WARN_INT_CONVERSION = YES;
				CLANG_WARN_NON_LITERAL_NULL_CONVERSION = YES;
				CLANG_WARN_OBJC_LITERAL_CONVERSION = YES;
				CLANG_WARN_OBJC_ROOT_CLASS = YES_ERROR;
				CLANG_WARN_RANGE_LOOP_ANALYSIS = YES;
				CLANG_WARN_STRICT_PROTOTYPES = YES;
				CLANG_WARN_SUSPICIOUS_MOVE = YES;
				CLANG_WARN_UNGUARDED_AVAILABILITY = YES_AGGRESSIVE;
				CLANG_WARN_UNREACHABLE_CODE = YES;
				CLANG_WARN__DUPLICATE_METHOD_MATCH = YES;
				CODE_SIGN_IDENTITY = "iPhone Developer";
				COPY_PHASE_STRIP = NO;
				DEBUG_INFORMATION_FORMAT = "dwarf-with-dsym";
				ENABLE_NS_ASSERTIONS = NO;
				ENABLE_STRICT_OBJC_MSGSEND = YES;
				GCC_C_LANGUAGE_STANDARD = gnu11;
				GCC_NO_COMMON_BLOCKS = YES;
				GCC_WARN_64_TO_32_BIT_CONVERSION = YES;
				GCC_WARN_ABOUT_RETURN_TYPE = YES_ERROR;
				GCC_WARN_UNDECLARED_SELECTOR = YES;
				GCC_WARN_UNINITIALIZED_AUTOS = YES_AGGRESSIVE;
				GCC_WARN_UNUSED_FUNCTION = YES;
				GCC_WARN_UNUSED_VARIABLE = YES;
				IPHONEOS_DEPLOYMENT_TARGET = 11.2;
				MTL_ENABLE_DEBUG_INFO = NO;
				SDKROOT = iphoneos;
				SWIFT_OPTIMIZATION_LEVEL = "-Owholemodule";
				VALIDATE_PRODUCT = YES;
			};
			name = Release;
		};
		087C2BC2206F3BF300B66B36 /* Debug */ = {
			isa = XCBuildConfiguration;
			buildSettings = {
				ASSETCATALOG_COMPILER_APPICON_NAME = AppIcon;
				CODE_SIGN_STYLE = Automatic;
				INFOPLIST_FILE = UserDefaults/Info.plist;
				LD_RUNPATH_SEARCH_PATHS = "$(inherited) @executable_path/Frameworks";
				PRODUCT_BUNDLE_IDENTIFIER = com.peers.UserDefaults;
				PRODUCT_NAME = "$(TARGET_NAME)";
				SWIFT_VERSION = 4.0;
				TARGETED_DEVICE_FAMILY = "1,2";
			};
			name = Debug;
		};
		087C2BC3206F3BF300B66B36 /* Release */ = {
			isa = XCBuildConfiguration;
			buildSettings = {
				ASSETCATALOG_COMPILER_APPICON_NAME = AppIcon;
				CODE_SIGN_STYLE = Automatic;
				INFOPLIST_FILE = UserDefaults/Info.plist;
				LD_RUNPATH_SEARCH_PATHS = "$(inherited) @executable_path/Frameworks";
				PRODUCT_BUNDLE_IDENTIFIER = com.peers.UserDefaults;
				PRODUCT_NAME = "$(TARGET_NAME)";
				SWIFT_VERSION = 4.0;
				TARGETED_DEVICE_FAMILY = "1,2";
			};
			name = Release;
		};
		087C2BC5206F3BF300B66B36 /* Debug */ = {
			isa = XCBuildConfiguration;
			buildSettings = {
				ALWAYS_EMBED_SWIFT_STANDARD_LIBRARIES = YES;
				BUNDLE_LOADER = "$(TEST_HOST)";
				CODE_SIGN_STYLE = Automatic;
				INFOPLIST_FILE = UserDefaultsTests/Info.plist;
				LD_RUNPATH_SEARCH_PATHS = "$(inherited) @executable_path/Frameworks @loader_path/Frameworks";
				PRODUCT_BUNDLE_IDENTIFIER = com.peers.UserDefaultsTests;
				PRODUCT_NAME = "$(TARGET_NAME)";
				SWIFT_VERSION = 4.0;
				TARGETED_DEVICE_FAMILY = "1,2";
				TEST_HOST = "$(BUILT_PRODUCTS_DIR)/UserDefaults.app/UserDefaults";
			};
			name = Debug;
		};
		087C2BC6206F3BF300B66B36 /* Release */ = {
			isa = XCBuildConfiguration;
			buildSettings = {
				ALWAYS_EMBED_SWIFT_STANDARD_LIBRARIES = YES;
				BUNDLE_LOADER = "$(TEST_HOST)";
				CODE_SIGN_STYLE = Automatic;
				INFOPLIST_FILE = UserDefaultsTests/Info.plist;
				LD_RUNPATH_SEARCH_PATHS = "$(inherited) @executable_path/Frameworks @loader_path/Frameworks";
				PRODUCT_BUNDLE_IDENTIFIER = com.peers.UserDefaultsTests;
				PRODUCT_NAME = "$(TARGET_NAME)";
				SWIFT_VERSION = 4.0;
				TARGETED_DEVICE_FAMILY = "1,2";
				TEST_HOST = "$(BUILT_PRODUCTS_DIR)/UserDefaults.app/UserDefaults";
			};
			name = Release;
		};
		087C2BC8206F3BF300B66B36 /* Debug */ = {
			isa = XCBuildConfiguration;
			buildSettings = {
				ALWAYS_EMBED_SWIFT_STANDARD_LIBRARIES = YES;
				CODE_SIGN_STYLE = Automatic;
				INFOPLIST_FILE = UserDefaultsUITests/Info.plist;
				LD_RUNPATH_SEARCH_PATHS = "$(inherited) @executable_path/Frameworks @loader_path/Frameworks";
				PRODUCT_BUNDLE_IDENTIFIER = com.peers.UserDefaultsUITests;
				PRODUCT_NAME = "$(TARGET_NAME)";
				SWIFT_VERSION = 4.0;
				TARGETED_DEVICE_FAMILY = "1,2";
				TEST_TARGET_NAME = UserDefaults;
			};
			name = Debug;
		};
		087C2BC9206F3BF300B66B36 /* Release */ = {
			isa = XCBuildConfiguration;
			buildSettings = {
				ALWAYS_EMBED_SWIFT_STANDARD_LIBRARIES = YES;
				CODE_SIGN_STYLE = Automatic;
				INFOPLIST_FILE = UserDefaultsUITests/Info.plist;
				LD_RUNPATH_SEARCH_PATHS = "$(inherited) @executable_path/Frameworks @loader_path/Frameworks";
				PRODUCT_BUNDLE_IDENTIFIER = com.peers.UserDefaultsUITests;
				PRODUCT_NAME = "$(TARGET_NAME)";
				SWIFT_VERSION = 4.0;
				TARGETED_DEVICE_FAMILY = "1,2";
				TEST_TARGET_NAME = UserDefaults;
			};
			name = Release;
		};
/* End XCBuildConfiguration section */

/* Begin XCConfigurationList section */
		087C2B94206F3BF300B66B36 /* Build configuration list for PBXProject "UserDefaults" */ = {
			isa = XCConfigurationList;
			buildConfigurations = (
				087C2BBF206F3BF300B66B36 /* Debug */,
				087C2BC0206F3BF300B66B36 /* Release */,
			);
			defaultConfigurationIsVisible = 0;
			defaultConfigurationName = Release;
		};
		087C2BC1206F3BF300B66B36 /* Build configuration list for PBXNativeTarget "UserDefaults" */ = {
			isa = XCConfigurationList;
			buildConfigurations = (
				087C2BC2206F3BF300B66B36 /* Debug */,
				087C2BC3206F3BF300B66B36 /* Release */,
			);
			defaultConfigurationIsVisible = 0;
			defaultConfigurationName = Release;
		};
		087C2BC4206F3BF300B66B36 /* Build configuration list for PBXNativeTarget "UserDefaultsTests" */ = {
			isa = XCConfigurationList;
			buildConfigurations = (
				087C2BC5206F3BF300B66B36 /* Debug */,
				087C2BC6206F3BF300B66B36 /* Release */,
			);
			defaultConfigurationIsVisible = 0;
			defaultConfigurationName = Release;
		};
		087C2BC7206F3BF300B66B36 /* Build configuration list for PBXNativeTarget "UserDefaultsUITests" */ = {
			isa = XCConfigurationList;
			buildConfigurations = (
				087C2BC8206F3BF300B66B36 /* Debug */,
				087C2BC9206F3BF300B66B36 /* Release */,
			);
			defaultConfigurationIsVisible = 0;
			defaultConfigurationName = Release;
		};
/* End XCConfigurationList section */
	};
	rootObject = 087C2B91206F3BF300B66B36 /* Project object */;
}
